
Microsoft Visual Studio Solution File, Format Version 12.00
# Visual Studio Version 16
VisualStudioVersion = 25.0.1700.5
MinimumVisualStudioVersion = 10.0.40219.1
Project("{FAE04EC0-301F-11D3-BF4B-00C04F79EFBC}") = "T04-Ejercicio23", "T04-Ejercicio23.csproj", "{108E36FF-F7B6-4C14-9CB8-9906C855275D}"
EndProject
Global
	GlobalSection(SolutionConfigurationPlatforms) = preSolution
		Debug|Any CPU = Debug|Any CPU
		Release|Any CPU = Release|Any CPU
	EndGlobalSection
	GlobalSection(ProjectConfigurationPlatforms) = postSolution
		{108E36FF-F7B6-4C14-9CB8-9906C855275D}.Debug|Any CPU.ActiveCfg = Debug|Any CPU
		{108E36FF-F7B6-4C14-9CB8-9906C855275D}.Debug|Any CPU.Build.0 = Debug|Any CPU
		{108E36FF-F7B6-4C14-9CB8-9906C855275D}.Release|Any CPU.ActiveCfg = Release|Any CPU
		{108E36FF-F7B6-4C14-9CB8-9906C855275D}.Release|Any CPU.Build.0 = Release|Any CPU
	EndGlobalSection
	GlobalSection(SolutionProperties) = preSolution
		HideSolutionNode = FALSE
	EndGlobalSection
	GlobalSection(ExtensibilityGlobals) = postSolution
		SolutionGuid = {B983DDA5-3382-41C0-A409-8F145B6FA77F}
	EndGlobalSection
EndGlobal
